
Microsoft Visual Studio Solution File, Format Version 12.00
# Visual Studio 15
Project("{FAE04EC0-301F-11D3-BF4B-00C04F79EFBC}") = "netquots", "netquots\netquots.csproj", "{A3C962B5-C8B9-4758-94A5-9133D855BDCB}"
EndProject
Project("{FAE04EC0-301F-11D3-BF4B-00C04F79EFBC}") = "quotstests", "quotstests\quotstests.csproj", "{38C619A6-8965-4EC4-BFB4-2450AE67B26E}"
EndProject
Global
	GlobalSection(SolutionConfigurationPlatforms) = preSolution
		Debug|Any CPU = Debug|Any CPU
		Release|Any CPU = Release|Any CPU
	EndGlobalSection
	GlobalSection(ProjectConfigurationPlatforms) = postSolution
		{A3C962B5-C8B9-4758-94A5-9133D855BDCB}.Debug|Any CPU.ActiveCfg = Debug|Any CPU
		{A3C962B5-C8B9-4758-94A5-9133D855BDCB}.Debug|Any CPU.Build.0 = Debug|Any CPU
		{A3C962B5-C8B9-4758-94A5-9133D855BDCB}.Release|Any CPU.ActiveCfg = Release|Any CPU
		{A3C962B5-C8B9-4758-94A5-9133D855BDCB}.Release|Any CPU.Build.0 = Release|Any CPU
		{38C619A6-8965-4EC4-BFB4-2450AE67B26E}.Debug|Any CPU.ActiveCfg = Debug|Any CPU
		{38C619A6-8965-4EC4-BFB4-2450AE67B26E}.Debug|Any CPU.Build.0 = Debug|Any CPU
		{38C619A6-8965-4EC4-BFB4-2450AE67B26E}.Release|Any CPU.ActiveCfg = Release|Any CPU
		{38C619A6-8965-4EC4-BFB4-2450AE67B26E}.Release|Any CPU.Build.0 = Release|Any CPU
	EndGlobalSection
EndGlobal
